
Microsoft Visual Studio Solution File, Format Version 12.00
# Visual Studio Version 17
VisualStudioVersion = 17.2.32616.157
MinimumVisualStudioVersion = 10.0.40219.1
Project("{FAE04EC0-301F-11D3-BF4B-00C04F79EFBC}") = "LoanApplication", "LoanApplication\LoanApplication.csproj", "{53608DBC-BBD2-4D21-9922-206A04BA3781}"
EndProject
Global
	GlobalSection(SolutionConfigurationPlatforms) = preSolution
		Debug|Any CPU = Debug|Any CPU
		Release|Any CPU = Release|Any CPU
	EndGlobalSection
	GlobalSection(ProjectConfigurationPlatforms) = postSolution
		{53608DBC-BBD2-4D21-9922-206A04BA3781}.Debug|Any CPU.ActiveCfg = Debug|Any CPU
		{53608DBC-BBD2-4D21-9922-206A04BA3781}.Debug|Any CPU.Build.0 = Debug|Any CPU
		{53608DBC-BBD2-4D21-9922-206A04BA3781}.Release|Any CPU.ActiveCfg = Release|Any CPU
		{53608DBC-BBD2-4D21-9922-206A04BA3781}.Release|Any CPU.Build.0 = Release|Any CPU
	EndGlobalSection
	GlobalSection(SolutionProperties) = preSolution
		HideSolutionNode = FALSE
	EndGlobalSection
	GlobalSection(ExtensibilityGlobals) = postSolution
		SolutionGuid = {229034A6-3FBA-4315-94F3-90AB07404A05}
	EndGlobalSection
EndGlobal
